
Microsoft Visual Studio Solution File, Format Version 12.00
# Visual Studio Version 17
VisualStudioVersion = 17.7.34031.279
MinimumVisualStudioVersion = 10.0.40219.1
Project("{FAE04EC0-301F-11D3-BF4B-00C04F79EFBC}") = "Constructors", "Constructors\Constructors.csproj", "{D4441523-9314-4425-AA13-BED30A566D7D}"
EndProject
Global
	GlobalSection(SolutionConfigurationPlatforms) = preSolution
		Debug|Any CPU = Debug|Any CPU
		Release|Any CPU = Release|Any CPU
	EndGlobalSection
	GlobalSection(ProjectConfigurationPlatforms) = postSolution
		{D4441523-9314-4425-AA13-BED30A566D7D}.Debug|Any CPU.ActiveCfg = Debug|Any CPU
		{D4441523-9314-4425-AA13-BED30A566D7D}.Debug|Any CPU.Build.0 = Debug|Any CPU
		{D4441523-9314-4425-AA13-BED30A566D7D}.Release|Any CPU.ActiveCfg = Release|Any CPU
		{D4441523-9314-4425-AA13-BED30A566D7D}.Release|Any CPU.Build.0 = Release|Any CPU
	EndGlobalSection
	GlobalSection(SolutionProperties) = preSolution
		HideSolutionNode = FALSE
	EndGlobalSection
	GlobalSection(ExtensibilityGlobals) = postSolution
		SolutionGuid = {E99C05FB-CD9A-464D-8F80-A38188436663}
	EndGlobalSection
EndGlobal
